schema: '2.0'
stages:
  load_data:
    cmd: python src/smart_rxn_embeddings/preprocessing/load_data.py
    deps:
    - path: data/raw/retrorules-v3.0-metanetx.csv
      hash: md5
      md5: 285a061483e35ad90299137a69ba4289
      size: 159532216
    - path: data/raw/retrorules-v3.0-rhea.csv
      hash: md5
      md5: 0937a29d7ff7dd0885a227eaa9c87174
      size: 60998658
    - path: src/smart_rxn_embeddings/preprocessing/load_data.py
      hash: md5
      md5: 03382b9956e853de11672262f6983b82
      size: 1982
    outs:
    - path: data/processed/clean_smarts.txt
      hash: md5
      md5: 8eea03111ae744b133318c59fb49644f
      size: 155325917
  validate_smarts:
    cmd: python src/smart_rxn_embeddings/preprocessing/validate_smarts.py
    deps:
    - path: data/processed/clean_smarts.txt
      hash: md5
      md5: 8eea03111ae744b133318c59fb49644f
      size: 155325917
    - path: src/smart_rxn_embeddings/preprocessing/validate_smarts.py
      hash: md5
      md5: eed58bef82276d8fecd674da2032d3b2
      size: 2896
    outs:
    - path: data/processed/validated_smarts.csv
      hash: md5
      md5: db537fe6d10485cb864da77e22f63106
      size: 315612644
  build_vocab:
    cmd: python src/smart_rxn_embeddings/tokenization/build_vocab.py
    deps:
    - path: data/processed/validated_smarts.csv
      hash: md5
      md5: db537fe6d10485cb864da77e22f63106
      size: 315612644
    - path: src/smart_rxn_embeddings/tokenization/build_vocab.py
      hash: md5
      md5: 0f5fb80d2ab683617af8fdb9e85ee467
      size: 3295
    - path: src/smart_rxn_embeddings/tokenization/smarts_tokenizer.py
      hash: md5
      md5: 48258ed4dbb61429e546f0e1ac5fb62f
      size: 3134
    outs:
    - path: data/processed/vocab.json
      hash: md5
      md5: 531326f210da960a3cfa8ecbd1b54bb9
      size: 324582
